
Microsoft Visual Studio Solution File, Format Version 12.00
# Visual Studio Version 17
VisualStudioVersion = 17.14.36414.22 d17.14
MinimumVisualStudioVersion = 10.0.40219.1
Project("{FAE04EC0-301F-11D3-BF4B-00C04F79EFBC}") = "TaskBoard.API", "TaskBoard.API\TaskBoard.API.csproj", "{0693AB50-ABDE-405D-8501-18C3C231077B}"
EndProject
Global
	GlobalSection(SolutionConfigurationPlatforms) = preSolution
		Debug|Any CPU = Debug|Any CPU
		Release|Any CPU = Release|Any CPU
	EndGlobalSection
	GlobalSection(ProjectConfigurationPlatforms) = postSolution
		{0693AB50-ABDE-405D-8501-18C3C231077B}.Debug|Any CPU.ActiveCfg = Debug|Any CPU
		{0693AB50-ABDE-405D-8501-18C3C231077B}.Debug|Any CPU.Build.0 = Debug|Any CPU
		{0693AB50-ABDE-405D-8501-18C3C231077B}.Release|Any CPU.ActiveCfg = Release|Any CPU
		{0693AB50-ABDE-405D-8501-18C3C231077B}.Release|Any CPU.Build.0 = Release|Any CPU
	EndGlobalSection
	GlobalSection(SolutionProperties) = preSolution
		HideSolutionNode = FALSE
	EndGlobalSection
	GlobalSection(ExtensibilityGlobals) = postSolution
		SolutionGuid = {8F9D0425-AA81-4B99-8CEC-7B48FA5C29F6}
	EndGlobalSection
EndGlobal
